github.com/davecgh/go-spew v1.1.1 h1:vj9j/u1bqnvCEfJOwUhtlOARqs3+rkHYY13jYWTU97c=
github.com/davecgh/go-spew v1.1.1/go.mod h1:J7Y8YcW2NihsgmVo/mv3lAwl/skON4iLHjSsI+c5H38=
github.com/golang-jwt/jwt/v4 v4.4.2 h1:rcc4lwaZgFMCZ5jxF9ABolDcIHdBytAFgqFPbSJQAYs=
github.com/golang-jwt/jwt/v4 v4.4.2/go.mod h1:m21LjoU+eqJr34lmDMbreY2eSTRJ1cv77w39/MY0Ch0=
github.com/google/uuid v1.3.0 h1:t6JiXgmwXMjEs8VusXIJk2BXHsn+wx8BZdTaoZ5fu7I=
github.com/google/uuid v1.3.0/go.mod h1:TIyPZe4MgqvfeYDBFedMoGGpEw/LqOeaOT+nhxU+yHo=
github.com/joomcode/errorx v1.1.0 h1:dizuSG6yHzlvXOOGHW00gwsmM4Sb9x/yWEfdtPztqcs=
github.com/joomcode/errorx v1.1.0/go.mod h1:eQzdtdlNyN7etw6YCS4W4+lu442waxZYw5yvz0ULrRo=
github.com/pmezard/go-difflib v1.0.0 h1:4DBwDE0NGyQoBHbLQYPwSUPoCMWR5BEzIk/f1lZbAQM=
github.com/pmezard/go-difflib v1.0.0/go.mod h1:iKH77koFhYxTK1pcRnkKkqfTogsbg7gZNVY4sRDYZ/4=
github.com/stretchr/testify v1.2.2 h1:bSDNvY7ZPG5RlJ8otE/7V6gMiyenm9RtJ7IUVIAoJ1w=
github.com/stretchr/testify v1.2.2/go.mod h1:a8OnRcib4nhh0OaRAV+Yts87kKdq0PP7pXfy6kDkUVs=
github.com/zenazn/pkcs7pad v0.0.0-20170308005700-253a5b1f0e03 h1:m1h+vudopHsI67FPT9MOncyndWhTcdUoBtI1R1uajGY=
github.com/zenazn/pkcs7pad v0.0.0-20170308005700-253a5b1f0e03/go.mod h1:8sheVFH84v3PCyFY/O02mIgSQY9I6wMYPWsq7mDnEZY=
gogs.mikescher.com/BlackForestBytes/goext v0.0.7 h1:WPU3tGQxU4CCmFkvYFZHuBCdXkoNvUtjI03TWI9fUk8=
gogs.mikescher.com/BlackForestBytes/goext v0.0.7/go.mod h1:YbCs6G+BMB9Ift9YLG3t+LE2FwAr7GeOs9ZMWp7aeOg=
gogs.mikescher.com/BlackForestBytes/goext v0.0.8 h1:2fWhhVBZQycKvwB0tlc9fRT8+zcsC8G2nrGoF4qFs8Y=
gogs.mikescher.com/BlackForestBytes/goext v0.0.8/go.mod h1:YbCs6G+BMB9Ift9YLG3t+LE2FwAr7GeOs9ZMWp7aeOg=
golang.org/x/crypto v0.0.0-20220817201139-bc19a97f63c8 h1:GIAS/yBem/gq2MUqgNIzUHW7cJMmx3TGZOrnyYaNQ6c=
golang.org/x/crypto v0.0.0-20220817201139-bc19a97f63c8/go.mod h1:IxCIyHEi3zRg3s0A5j5BB6A9Jmi73HwBIUl50j+osU4=
golang.org/x/sys v0.0.0-20210615035016-665e8c7367d1 h1:SrN+KX8Art/Sf4HNj6Zcz06G7VEz+7w9tdXTPOZ7+l4=
golang.org/x/sys v0.0.0-20210615035016-665e8c7367d1/go.mod h1:oPkhp1MJrh7nUepCBck5+mAzfO9JrbApNNgaTdGDITg=
golang.org/x/term v0.1.0 h1:g6Z6vPFA9dYBAF7DWcH6sCcOntplXsDKcliusYijMlw=
golang.org/x/term v0.1.0/go.mod h1:jbD1KX2456YbFQfuXm/mYQcufACuNUgVhRMnK/tPxf8=
